// !$*UTF8*$!
{
	archiveVersion = 1;
	classes = {
	};
	objectVersion = 55;
	objects = {

/* Begin PBXBuildFile section */
		CE40DEC2982364E32099DF10 /* Pods_DACOS_IOS.framework in Frameworks */ = {isa = PBXBuildFile; fileRef = 44798E2BFFE0FCEF0C1E01AF /* Pods_DACOS_IOS.framework */; };
		F6C6AF00282013C200E26AAA /* AppDelegate.swift in Sources */ = {isa = PBXBuildFile; fileRef = F6C6AEFF282013C200E26AAA /* AppDelegate.swift */; };
		F6C6AF02282013C200E26AAA /* SceneDelegate.swift in Sources */ = {isa = PBXBuildFile; fileRef = F6C6AF01282013C200E26AAA /* SceneDelegate.swift */; };
		F6C6AF0A282013C200E26AAA /* DACOS_IOS.xcdatamodeld in Sources */ = {isa = PBXBuildFile; fileRef = F6C6AF08282013C200E26AAA /* DACOS_IOS.xcdatamodeld */; };
		F6C6AF0C282013C500E26AAA /* Assets.xcassets in Resources */ = {isa = PBXBuildFile; fileRef = F6C6AF0B282013C500E26AAA /* Assets.xcassets */; };
		F6C6AF1828201AD400E26AAA /* UIViewPIn.swift in Sources */ = {isa = PBXBuildFile; fileRef = F6C6AF1728201AD400E26AAA /* UIViewPIn.swift */; };
		F6C6AF1D28202B3B00E26AAA /* NavigationMenuController.swift in Sources */ = {isa = PBXBuildFile; fileRef = F6C6AF1C28202B3B00E26AAA /* NavigationMenuController.swift */; };
		F6C6AF1F28202B6A00E26AAA /* TabItem.swift in Sources */ = {isa = PBXBuildFile; fileRef = F6C6AF1E28202B6A00E26AAA /* TabItem.swift */; };
		F6C6AF2128202C3A00E26AAA /* CustomTabBar.swift in Sources */ = {isa = PBXBuildFile; fileRef = F6C6AF2028202C3A00E26AAA /* CustomTabBar.swift */; };
		F6C6AF2328202C5400E26AAA /* ChatsViewController.swift in Sources */ = {isa = PBXBuildFile; fileRef = F6C6AF2228202C5400E26AAA /* ChatsViewController.swift */; };
		F6C6AF2528202CB800E26AAA /* ProfileViewController.swift in Sources */ = {isa = PBXBuildFile; fileRef = F6C6AF2428202CB800E26AAA /* ProfileViewController.swift */; };
		F6C6AF272820604F00E26AAA /* SettingsViewController.swift in Sources */ = {isa = PBXBuildFile; fileRef = F6C6AF262820604F00E26AAA /* SettingsViewController.swift */; };
		F6C6AF2B28206A9400E26AAA /* ChatsView.swift in Sources */ = {isa = PBXBuildFile; fileRef = F6C6AF2A28206A9400E26AAA /* ChatsView.swift */; };
		F6C6AF2D2821556900E26AAA /* ChatPreview.swift in Sources */ = {isa = PBXBuildFile; fileRef = F6C6AF2C2821556900E26AAA /* ChatPreview.swift */; };
		F6C6AF2F28217EE800E26AAA /* Chats.swift in Sources */ = {isa = PBXBuildFile; fileRef = F6C6AF2E28217EE800E26AAA /* Chats.swift */; };
		F6C6AF3128217F2800E26AAA /* Dummies.swift in Sources */ = {isa = PBXBuildFile; fileRef = F6C6AF3028217F2800E26AAA /* Dummies.swift */; };
		F6C6AF332829673E00E26AAA /* ChatViewController.swift in Sources */ = {isa = PBXBuildFile; fileRef = F6C6AF322829673E00E26AAA /* ChatViewController.swift */; };
		F6DE578E28298948004584B8 /* MessageKit in Frameworks */ = {isa = PBXBuildFile; productRef = F6DE578D28298948004584B8 /* MessageKit */; };
		F6DE5790282A5737004584B8 /* MessageKitUtils.swift in Sources */ = {isa = PBXBuildFile; fileRef = F6DE578F282A5737004584B8 /* MessageKitUtils.swift */; };
		F6DE5792282A5A03004584B8 /* ChatExtesions.swift in Sources */ = {isa = PBXBuildFile; fileRef = F6DE5791282A5A03004584B8 /* ChatExtesions.swift */; };
		F6DE5794282A5C9F004584B8 /* SuperUserExtension.swift in Sources */ = {isa = PBXBuildFile; fileRef = F6DE5793282A5C9F004584B8 /* SuperUserExtension.swift */; };
		F6DE5796282A680F004584B8 /* MainUser.swift in Sources */ = {isa = PBXBuildFile; fileRef = F6DE5795282A680F004584B8 /* MainUser.swift */; };
		F6DE5798282A6BEB004584B8 /* RegisterViewController.swift in Sources */ = {isa = PBXBuildFile; fileRef = F6DE5797282A6BEB004584B8 /* RegisterViewController.swift */; };
		F6DE579A282A6D96004584B8 /* RegistrationView.swift in Sources */ = {isa = PBXBuildFile; fileRef = F6DE5799282A6D96004584B8 /* RegistrationView.swift */; };
		F6DE579C282AADD7004584B8 /* Servers.swift in Sources */ = {isa = PBXBuildFile; fileRef = F6DE579B282AADD7004584B8 /* Servers.swift */; };
/* End PBXBuildFile section */

/* Begin PBXFileReference section */
		44798E2BFFE0FCEF0C1E01AF /* Pods_DACOS_IOS.framework */ = {isa = PBXFileReference; explicitFileType = wrapper.framework; includeInIndex = 0; path = Pods_DACOS_IOS.framework; sourceTree = BUILT_PRODUCTS_DIR; };
		57C6F6A132E15D46A7274BC6 /* Pods-DACOS_IOS.debug.xcconfig */ = {isa = PBXFileReference; includeInIndex = 1; lastKnownFileType = text.xcconfig; name = "Pods-DACOS_IOS.debug.xcconfig"; path = "Target Support Files/Pods-DACOS_IOS/Pods-DACOS_IOS.debug.xcconfig"; sourceTree = "<group>"; };
		7495766512C4672B36A6FF92 /* Pods-DACOS_IOS.release.xcconfig */ = {isa = PBXFileReference; includeInIndex = 1; lastKnownFileType = text.xcconfig; name = "Pods-DACOS_IOS.release.xcconfig"; path = "Target Support Files/Pods-DACOS_IOS/Pods-DACOS_IOS.release.xcconfig"; sourceTree = "<group>"; };
		F6C6AEFC282013C200E26AAA /* DACOS_IOS.app */ = {isa = PBXFileReference; explicitFileType = wrapper.application; includeInIndex = 0; path = DACOS_IOS.app; sourceTree = BUILT_PRODUCTS_DIR; };
		F6C6AEFF282013C200E26AAA /* AppDelegate.swift */ = {isa = PBXFileReference; lastKnownFileType = sourcecode.swift; path = AppDelegate.swift; sourceTree = "<group>"; };
		F6C6AF01282013C200E26AAA /* SceneDelegate.swift */ = {isa = PBXFileReference; lastKnownFileType = sourcecode.swift; path = SceneDelegate.swift; sourceTree = "<group>"; };
		F6C6AF09282013C200E26AAA /* DACOS_IOS.xcdatamodel */ = {isa = PBXFileReference; lastKnownFileType = wrapper.xcdatamodel; path = DACOS_IOS.xcdatamodel; sourceTree = "<group>"; };
		F6C6AF0B282013C500E26AAA /* Assets.xcassets */ = {isa = PBXFileReference; lastKnownFileType = folder.assetcatalog; path = Assets.xcassets; sourceTree = "<group>"; };
		F6C6AF10282013C500E26AAA /* Info.plist */ = {isa = PBXFileReference; lastKnownFileType = text.plist.xml; path = Info.plist; sourceTree = "<group>"; };
		F6C6AF1728201AD400E26AAA /* UIViewPIn.swift */ = {isa = PBXFileReference; lastKnownFileType = sourcecode.swift; path = UIViewPIn.swift; sourceTree = "<group>"; };
		F6C6AF1C28202B3B00E26AAA /* NavigationMenuController.swift */ = {isa = PBXFileReference; lastKnownFileType = sourcecode.swift; path = NavigationMenuController.swift; sourceTree = "<group>"; };
		F6C6AF1E28202B6A00E26AAA /* TabItem.swift */ = {isa = PBXFileReference; lastKnownFileType = sourcecode.swift; path = TabItem.swift; sourceTree = "<group>"; };
		F6C6AF2028202C3A00E26AAA /* CustomTabBar.swift */ = {isa = PBXFileReference; lastKnownFileType = sourcecode.swift; path = CustomTabBar.swift; sourceTree = "<group>"; };
		F6C6AF2228202C5400E26AAA /* ChatsViewController.swift */ = {isa = PBXFileReference; lastKnownFileType = sourcecode.swift; path = ChatsViewController.swift; sourceTree = "<group>"; };
		F6C6AF2428202CB800E26AAA /* ProfileViewController.swift */ = {isa = PBXFileReference; lastKnownFileType = sourcecode.swift; path = ProfileViewController.swift; sourceTree = "<group>"; };
		F6C6AF262820604F00E26AAA /* SettingsViewController.swift */ = {isa = PBXFileReference; lastKnownFileType = sourcecode.swift; path = SettingsViewController.swift; sourceTree = "<group>"; };
		F6C6AF2A28206A9400E26AAA /* ChatsView.swift */ = {isa = PBXFileReference; lastKnownFileType = sourcecode.swift; path = ChatsView.swift; sourceTree = "<group>"; };
		F6C6AF2C2821556900E26AAA /* ChatPreview.swift */ = {isa = PBXFileReference; lastKnownFileType = sourcecode.swift; path = ChatPreview.swift; sourceTree = "<group>"; };
		F6C6AF2E28217EE800E26AAA /* Chats.swift */ = {isa = PBXFileReference; lastKnownFileType = sourcecode.swift; path = Chats.swift; sourceTree = "<group>"; };
		F6C6AF3028217F2800E26AAA /* Dummies.swift */ = {isa = PBXFileReference; lastKnownFileType = sourcecode.swift; path = Dummies.swift; sourceTree = "<group>"; };
		F6C6AF322829673E00E26AAA /* ChatViewController.swift */ = {isa = PBXFileReference; lastKnownFileType = sourcecode.swift; path = ChatViewController.swift; sourceTree = "<group>"; };
		F6DE578F282A5737004584B8 /* MessageKitUtils.swift */ = {isa = PBXFileReference; lastKnownFileType = sourcecode.swift; path = MessageKitUtils.swift; sourceTree = "<group>"; };
		F6DE5791282A5A03004584B8 /* ChatExtesions.swift */ = {isa = PBXFileReference; lastKnownFileType = sourcecode.swift; path = ChatExtesions.swift; sourceTree = "<group>"; };
		F6DE5793282A5C9F004584B8 /* SuperUserExtension.swift */ = {isa = PBXFileReference; lastKnownFileType = sourcecode.swift; path = SuperUserExtension.swift; sourceTree = "<group>"; };
		F6DE5795282A680F004584B8 /* MainUser.swift */ = {isa = PBXFileReference; lastKnownFileType = sourcecode.swift; path = MainUser.swift; sourceTree = "<group>"; };
		F6DE5797282A6BEB004584B8 /* RegisterViewController.swift */ = {isa = PBXFileReference; lastKnownFileType = sourcecode.swift; path = RegisterViewController.swift; sourceTree = "<group>"; };
		F6DE5799282A6D96004584B8 /* RegistrationView.swift */ = {isa = PBXFileReference; lastKnownFileType = sourcecode.swift; path = RegistrationView.swift; sourceTree = "<group>"; };
		F6DE579B282AADD7004584B8 /* Servers.swift */ = {isa = PBXFileReference; lastKnownFileType = sourcecode.swift; path = Servers.swift; sourceTree = "<group>"; };
/* End PBXFileReference section */

/* Begin PBXFrameworksBuildPhase section */
		F6C6AEF9282013C200E26AAA /* Frameworks */ = {
			isa = PBXFrameworksBuildPhase;
			buildActionMask = 2147483647;
			files = (
				F6DE578E28298948004584B8 /* MessageKit in Frameworks */,
				CE40DEC2982364E32099DF10 /* Pods_DACOS_IOS.framework in Frameworks */,
			);
			runOnlyForDeploymentPostprocessing = 0;
		};
/* End PBXFrameworksBuildPhase section */

/* Begin PBXGroup section */
		B5C6434543229EFCB3DA6108 /* Pods */ = {
			isa = PBXGroup;
			children = (
				57C6F6A132E15D46A7274BC6 /* Pods-DACOS_IOS.debug.xcconfig */,
				7495766512C4672B36A6FF92 /* Pods-DACOS_IOS.release.xcconfig */,
			);
			path = Pods;
			sourceTree = "<group>";
		};
		EAE1A99C45B75857AA233FA5 /* Frameworks */ = {
			isa = PBXGroup;
			children = (
				44798E2BFFE0FCEF0C1E01AF /* Pods_DACOS_IOS.framework */,
			);
			name = Frameworks;
			sourceTree = "<group>";
		};
		F6C6AEF3282013C200E26AAA = {
			isa = PBXGroup;
			children = (
				F6C6AEFE282013C200E26AAA /* DACOS_IOS */,
				F6C6AEFD282013C200E26AAA /* Products */,
				B5C6434543229EFCB3DA6108 /* Pods */,
				EAE1A99C45B75857AA233FA5 /* Frameworks */,
			);
			sourceTree = "<group>";
		};
		F6C6AEFD282013C200E26AAA /* Products */ = {
			isa = PBXGroup;
			children = (
				F6C6AEFC282013C200E26AAA /* DACOS_IOS.app */,
			);
			name = Products;
			sourceTree = "<group>";
		};
		F6C6AEFE282013C200E26AAA /* DACOS_IOS */ = {
			isa = PBXGroup;
			children = (
				F6C6AF1B28202AB300E26AAA /* Controllers */,
				F6C6AF1A28202AA900E26AAA /* Views */,
				F6C6AF1928202AA300E26AAA /* Models */,
				F6C6AF162820193F00E26AAA /* Utils */,
				F6C6AEFF282013C200E26AAA /* AppDelegate.swift */,
				F6C6AF01282013C200E26AAA /* SceneDelegate.swift */,
				F6C6AF0B282013C500E26AAA /* Assets.xcassets */,
				F6C6AF10282013C500E26AAA /* Info.plist */,
				F6C6AF08282013C200E26AAA /* DACOS_IOS.xcdatamodeld */,
			);
			path = DACOS_IOS;
			sourceTree = "<group>";
		};
		F6C6AF162820193F00E26AAA /* Utils */ = {
			isa = PBXGroup;
			children = (
				F6DE5793282A5C9F004584B8 /* SuperUserExtension.swift */,
				F6C6AF1728201AD400E26AAA /* UIViewPIn.swift */,
				F6DE5791282A5A03004584B8 /* ChatExtesions.swift */,
			);
			path = Utils;
			sourceTree = "<group>";
		};
		F6C6AF1928202AA300E26AAA /* Models */ = {
			isa = PBXGroup;
			children = (
				F6C6AF1E28202B6A00E26AAA /* TabItem.swift */,
				F6C6AF2E28217EE800E26AAA /* Chats.swift */,
				F6C6AF3028217F2800E26AAA /* Dummies.swift */,
				F6DE578F282A5737004584B8 /* MessageKitUtils.swift */,
				F6DE5795282A680F004584B8 /* MainUser.swift */,
				F6DE579B282AADD7004584B8 /* Servers.swift */,
			);
			path = Models;
			sourceTree = "<group>";
		};
		F6C6AF1A28202AA900E26AAA /* Views */ = {
			isa = PBXGroup;
			children = (
				F6C6AF2028202C3A00E26AAA /* CustomTabBar.swift */,
				F6C6AF2A28206A9400E26AAA /* ChatsView.swift */,
				F6C6AF2C2821556900E26AAA /* ChatPreview.swift */,
				F6DE5799282A6D96004584B8 /* RegistrationView.swift */,
			);
			path = Views;
			sourceTree = "<group>";
		};
		F6C6AF1B28202AB300E26AAA /* Controllers */ = {
			isa = PBXGroup;
			children = (
				F6C6AF1C28202B3B00E26AAA /* NavigationMenuController.swift */,
				F6C6AF2228202C5400E26AAA /* ChatsViewController.swift */,
				F6C6AF2428202CB800E26AAA /* ProfileViewController.swift */,
				F6C6AF262820604F00E26AAA /* SettingsViewController.swift */,
				F6C6AF322829673E00E26AAA /* ChatViewController.swift */,
				F6DE5797282A6BEB004584B8 /* RegisterViewController.swift */,
			);
			path = Controllers;
			sourceTree = "<group>";
		};
/* End PBXGroup section */

/* Begin PBXNativeTarget section */
		F6C6AEFB282013C200E26AAA /* DACOS_IOS */ = {
			isa = PBXNativeTarget;
			buildConfigurationList = F6C6AF13282013C500E26AAA /* Build configuration list for PBXNativeTarget "DACOS_IOS" */;
			buildPhases = (
				7B42FC55710A9F44BBE6ED7A /* [CP] Check Pods Manifest.lock */,
				F6C6AEF8282013C200E26AAA /* Sources */,
				F6C6AEF9282013C200E26AAA /* Frameworks */,
				F6C6AEFA282013C200E26AAA /* Resources */,
				F018B58818A90A9425A3E62B /* [CP] Embed Pods Frameworks */,
			);
			buildRules = (
			);
			dependencies = (
			);
			name = DACOS_IOS;
			packageProductDependencies = (
				F6DE578D28298948004584B8 /* MessageKit */,
			);
			productName = DACOS_IOS;
			productReference = F6C6AEFC282013C200E26AAA /* DACOS_IOS.app */;
			productType = "com.apple.product-type.application";
		};
/* End PBXNativeTarget section */

/* Begin PBXProject section */
		F6C6AEF4282013C200E26AAA /* Project object */ = {
			isa = PBXProject;
			attributes = {
				BuildIndependentTargetsInParallel = 1;
				LastSwiftUpdateCheck = 1320;
				LastUpgradeCheck = 1320;
				TargetAttributes = {
					F6C6AEFB282013C200E26AAA = {
						CreatedOnToolsVersion = 13.2.1;
					};
				};
			};
			buildConfigurationList = F6C6AEF7282013C200E26AAA /* Build configuration list for PBXProject "DACOS_IOS" */;
			compatibilityVersion = "Xcode 13.0";
			developmentRegion = en;
			hasScannedForEncodings = 0;
			knownRegions = (
				en,
				Base,
			);
			mainGroup = F6C6AEF3282013C200E26AAA;
			packageReferences = (
				F6DE578C28298948004584B8 /* XCRemoteSwiftPackageReference "MessageKit" */,
			);
			productRefGroup = F6C6AEFD282013C200E26AAA /* Products */;
			projectDirPath = "";
			projectRoot = "";
			targets = (
				F6C6AEFB282013C200E26AAA /* DACOS_IOS */,
			);
		};
/* End PBXProject section */

/* Begin PBXResourcesBuildPhase section */
		F6C6AEFA282013C200E26AAA /* Resources */ = {
			isa = PBXResourcesBuildPhase;
			buildActionMask = 2147483647;
			files = (
				F6C6AF0C282013C500E26AAA /* Assets.xcassets in Resources */,
			);
			runOnlyForDeploymentPostprocessing = 0;
		};
/* End PBXResourcesBuildPhase section */

/* Begin PBXShellScriptBuildPhase section */
		7B42FC55710A9F44BBE6ED7A /* [CP] Check Pods Manifest.lock */ = {
			isa = PBXShellScriptBuildPhase;
			buildActionMask = 2147483647;
			files = (
			);
			inputFileListPaths = (
			);
			inputPaths = (
				"${PODS_PODFILE_DIR_PATH}/Podfile.lock",
				"${PODS_ROOT}/Manifest.lock",
			);
			name = "[CP] Check Pods Manifest.lock";
			outputFileListPaths = (
			);
			outputPaths = (
				"$(DERIVED_FILE_DIR)/Pods-DACOS_IOS-checkManifestLockResult.txt",
			);
			runOnlyForDeploymentPostprocessing = 0;
			shellPath = /bin/sh;
			shellScript = "diff \"${PODS_PODFILE_DIR_PATH}/Podfile.lock\" \"${PODS_ROOT}/Manifest.lock\" > /dev/null\nif [ $? != 0 ] ; then\n    # print error to STDERR\n    echo \"error: The sandbox is not in sync with the Podfile.lock. Run 'pod install' or update your CocoaPods installation.\" >&2\n    exit 1\nfi\n# This output is used by Xcode 'outputs' to avoid re-running this script phase.\necho \"SUCCESS\" > \"${SCRIPT_OUTPUT_FILE_0}\"\n";
			showEnvVarsInLog = 0;
		};
		F018B58818A90A9425A3E62B /* [CP] Embed Pods Frameworks */ = {
			isa = PBXShellScriptBuildPhase;
			buildActionMask = 2147483647;
			files = (
			);
			inputFileListPaths = (
				"${PODS_ROOT}/Target Support Files/Pods-DACOS_IOS/Pods-DACOS_IOS-frameworks-${CONFIGURATION}-input-files.xcfilelist",
			);
			name = "[CP] Embed Pods Frameworks";
			outputFileListPaths = (
				"${PODS_ROOT}/Target Support Files/Pods-DACOS_IOS/Pods-DACOS_IOS-frameworks-${CONFIGURATION}-output-files.xcfilelist",
			);
			runOnlyForDeploymentPostprocessing = 0;
			shellPath = /bin/sh;
			shellScript = "\"${PODS_ROOT}/Target Support Files/Pods-DACOS_IOS/Pods-DACOS_IOS-frameworks.sh\"\n";
			showEnvVarsInLog = 0;
		};
/* End PBXShellScriptBuildPhase section */

/* Begin PBXSourcesBuildPhase section */
		F6C6AEF8282013C200E26AAA /* Sources */ = {
			isa = PBXSourcesBuildPhase;
			buildActionMask = 2147483647;
			files = (
				F6C6AF1828201AD400E26AAA /* UIViewPIn.swift in Sources */,
				F6DE5798282A6BEB004584B8 /* RegisterViewController.swift in Sources */,
				F6DE579A282A6D96004584B8 /* RegistrationView.swift in Sources */,
				F6C6AF2B28206A9400E26AAA /* ChatsView.swift in Sources */,
				F6DE579C282AADD7004584B8 /* Servers.swift in Sources */,
				F6C6AF2D2821556900E26AAA /* ChatPreview.swift in Sources */,
				F6C6AF2528202CB800E26AAA /* ProfileViewController.swift in Sources */,
				F6C6AF2F28217EE800E26AAA /* Chats.swift in Sources */,
				F6DE5790282A5737004584B8 /* MessageKitUtils.swift in Sources */,
				F6C6AF1D28202B3B00E26AAA /* NavigationMenuController.swift in Sources */,
				F6C6AF272820604F00E26AAA /* SettingsViewController.swift in Sources */,
				F6DE5792282A5A03004584B8 /* ChatExtesions.swift in Sources */,
				F6C6AF1F28202B6A00E26AAA /* TabItem.swift in Sources */,
				F6C6AF00282013C200E26AAA /* AppDelegate.swift in Sources */,
				F6C6AF0A282013C200E26AAA /* DACOS_IOS.xcdatamodeld in Sources */,
				F6DE5794282A5C9F004584B8 /* SuperUserExtension.swift in Sources */,
				F6C6AF2128202C3A00E26AAA /* CustomTabBar.swift in Sources */,
				F6C6AF2328202C5400E26AAA /* ChatsViewController.swift in Sources */,
				F6C6AF3128217F2800E26AAA /* Dummies.swift in Sources */,
				F6DE5796282A680F004584B8 /* MainUser.swift in Sources */,
				F6C6AF332829673E00E26AAA /* ChatViewController.swift in Sources */,
				F6C6AF02282013C200E26AAA /* SceneDelegate.swift in Sources */,
			);
			runOnlyForDeploymentPostprocessing = 0;
		};
/* End PBXSourcesBuildPhase section */

/* Begin XCBuildConfiguration section */
		F6C6AF11282013C500E26AAA /* Debug */ = {
			isa = XCBuildConfiguration;
			buildSettings = {
				ALWAYS_SEARCH_USER_PATHS = NO;
				CLANG_ANALYZER_NONNULL = YES;
				CLANG_ANALYZER_NUMBER_OBJECT_CONVERSION = YES_AGGRESSIVE;
				CLANG_CXX_LANGUAGE_STANDARD = "gnu++17";
				CLANG_CXX_LIBRARY = "libc++";
				CLANG_ENABLE_MODULES = YES;
				CLANG_ENABLE_OBJC_ARC = YES;
				CLANG_ENABLE_OBJC_WEAK = YES;
				CLANG_WARN_BLOCK_CAPTURE_AUTORELEASING = YES;
				CLANG_WARN_BOOL_CONVERSION = YES;
				CLANG_WARN_COMMA = YES;
				CLANG_WARN_CONSTANT_CONVERSION = YES;
				CLANG_WARN_DEPRECATED_OBJC_IMPLEMENTATIONS = YES;
				CLANG_WARN_DIRECT_OBJC_ISA_USAGE = YES_ERROR;
				CLANG_WARN_DOCUMENTATION_COMMENTS = YES;
				CLANG_WARN_EMPTY_BODY = YES;
				CLANG_WARN_ENUM_CONVERSION = YES;
				CLANG_WARN_INFINITE_RECURSION = YES;
				CLANG_WARN_INT_CONVERSION = YES;
				CLANG_WARN_NON_LITERAL_NULL_CONVERSION = YES;
				CLANG_WARN_OBJC_IMPLICIT_RETAIN_SELF = YES;
				CLANG_WARN_OBJC_LITERAL_CONVERSION = YES;
				CLANG_WARN_OBJC_ROOT_CLASS = YES_ERROR;
				CLANG_WARN_QUOTED_INCLUDE_IN_FRAMEWORK_HEADER = YES;
				CLANG_WARN_RANGE_LOOP_ANALYSIS = YES;
				CLANG_WARN_STRICT_PROTOTYPES = YES;
				CLANG_WARN_SUSPICIOUS_MOVE = YES;
				CLANG_WARN_UNGUARDED_AVAILABILITY = YES_AGGRESSIVE;
				CLANG_WARN_UNREACHABLE_CODE = YES;
				CLANG_WARN__DUPLICATE_METHOD_MATCH = YES;
				COPY_PHASE_STRIP = NO;
				DEBUG_INFORMATION_FORMAT = dwarf;
				ENABLE_STRICT_OBJC_MSGSEND = YES;
				ENABLE_TESTABILITY = YES;
				GCC_C_LANGUAGE_STANDARD = gnu11;
				GCC_DYNAMIC_NO_PIC = NO;
				GCC_NO_COMMON_BLOCKS = YES;
				GCC_OPTIMIZATION_LEVEL = 0;
				GCC_PREPROCESSOR_DEFINITIONS = (
					"DEBUG=1",
					"$(inherited)",
				);
				GCC_WARN_64_TO_32_BIT_CONVERSION = YES;
				GCC_WARN_ABOUT_RETURN_TYPE = YES_ERROR;
				GCC_WARN_UNDECLARED_SELECTOR = YES;
				GCC_WARN_UNINITIALIZED_AUTOS = YES_AGGRESSIVE;
				GCC_WARN_UNUSED_FUNCTION = YES;
				GCC_WARN_UNUSED_VARIABLE = YES;
				IPHONEOS_DEPLOYMENT_TARGET = 12.0;
				MTL_ENABLE_DEBUG_INFO = INCLUDE_SOURCE;
				MTL_FAST_MATH = YES;
				ONLY_ACTIVE_ARCH = YES;
				SDKROOT = iphoneos;
				SWIFT_ACTIVE_COMPILATION_CONDITIONS = DEBUG;
				SWIFT_OPTIMIZATION_LEVEL = "-Onone";
			};
			name = Debug;
		};
		F6C6AF12282013C500E26AAA /* Release */ = {
			isa = XCBuildConfiguration;
			buildSettings = {
				ALWAYS_SEARCH_USER_PATHS = NO;
				CLANG_ANALYZER_NONNULL = YES;
				CLANG_ANALYZER_NUMBER_OBJECT_CONVERSION = YES_AGGRESSIVE;
				CLANG_CXX_LANGUAGE_STANDARD = "gnu++17";
				CLANG_CXX_LIBRARY = "libc++";
				CLANG_ENABLE_MODULES = YES;
				CLANG_ENABLE_OBJC_ARC = YES;
				CLANG_ENABLE_OBJC_WEAK = YES;
				CLANG_WARN_BLOCK_CAPTURE_AUTORELEASING = YES;
				CLANG_WARN_BOOL_CONVERSION = YES;
				CLANG_WARN_COMMA = YES;
				CLANG_WARN_CONSTANT_CONVERSION = YES;
				CLANG_WARN_DEPRECATED_OBJC_IMPLEMENTATIONS = YES;
				CLANG_WARN_DIRECT_OBJC_ISA_USAGE = YES_ERROR;
				CLANG_WARN_DOCUMENTATION_COMMENTS = YES;
				CLANG_WARN_EMPTY_BODY = YES;
				CLANG_WARN_ENUM_CONVERSION = YES;
				CLANG_WARN_INFINITE_RECURSION = YES;
				CLANG_WARN_INT_CONVERSION = YES;
				CLANG_WARN_NON_LITERAL_NULL_CONVERSION = YES;
				CLANG_WARN_OBJC_IMPLICIT_RETAIN_SELF = YES;
				CLANG_WARN_OBJC_LITERAL_CONVERSION = YES;
				CLANG_WARN_OBJC_ROOT_CLASS = YES_ERROR;
				CLANG_WARN_QUOTED_INCLUDE_IN_FRAMEWORK_HEADER = YES;
				CLANG_WARN_RANGE_LOOP_ANALYSIS = YES;
				CLANG_WARN_STRICT_PROTOTYPES = YES;
				CLANG_WARN_SUSPICIOUS_MOVE = YES;
				CLANG_WARN_UNGUARDED_AVAILABILITY = YES_AGGRESSIVE;
				CLANG_WARN_UNREACHABLE_CODE = YES;
				CLANG_WARN__DUPLICATE_METHOD_MATCH = YES;
				COPY_PHASE_STRIP = NO;
				DEBUG_INFORMATION_FORMAT = "dwarf-with-dsym";
				ENABLE_NS_ASSERTIONS = NO;
				ENABLE_STRICT_OBJC_MSGSEND = YES;
				GCC_C_LANGUAGE_STANDARD = gnu11;
				GCC_NO_COMMON_BLOCKS = YES;
				GCC_WARN_64_TO_32_BIT_CONVERSION = YES;
				GCC_WARN_ABOUT_RETURN_TYPE = YES_ERROR;
				GCC_WARN_UNDECLARED_SELECTOR = YES;
				GCC_WARN_UNINITIALIZED_AUTOS = YES_AGGRESSIVE;
				GCC_WARN_UNUSED_FUNCTION = YES;
				GCC_WARN_UNUSED_VARIABLE = YES;
				IPHONEOS_DEPLOYMENT_TARGET = 12.0;
				MTL_ENABLE_DEBUG_INFO = NO;
				MTL_FAST_MATH = YES;
				SDKROOT = iphoneos;
				SWIFT_COMPILATION_MODE = wholemodule;
				SWIFT_OPTIMIZATION_LEVEL = "-O";
				VALIDATE_PRODUCT = YES;
			};
			name = Release;
		};
		F6C6AF14282013C500E26AAA /* Debug */ = {
			isa = XCBuildConfiguration;
			baseConfigurationReference = 57C6F6A132E15D46A7274BC6 /* Pods-DACOS_IOS.debug.xcconfig */;
			buildSettings = {
				ASSETCATALOG_COMPILER_APPICON_NAME = AppIcon;
				ASSETCATALOG_COMPILER_GLOBAL_ACCENT_COLOR_NAME = AccentColor;
				CODE_SIGN_STYLE = Automatic;
				CURRENT_PROJECT_VERSION = 1;
				DEVELOPMENT_TEAM = MJT89725KT;
				GENERATE_INFOPLIST_FILE = YES;
				INFOPLIST_FILE = DACOS_IOS/Info.plist;
				INFOPLIST_KEY_UIApplicationSupportsIndirectInputEvents = YES;
				INFOPLIST_KEY_UILaunchStoryboardName = LaunchScreen;
				INFOPLIST_KEY_UIMainStoryboardFile = "";
				INFOPLIST_KEY_UISupportedInterfaceOrientations_iPad = "UIInterfaceOrientationPortrait UIInterfaceOrientationPortraitUpsideDown UIInterfaceOrientationLandscapeLeft UIInterfaceOrientationLandscapeRight";
				INFOPLIST_KEY_UISupportedInterfaceOrientations_iPhone = "UIInterfaceOrientationPortrait UIInterfaceOrientationLandscapeLeft UIInterfaceOrientationLandscapeRight";
				IPHONEOS_DEPLOYMENT_TARGET = 13.0;
				LD_RUNPATH_SEARCH_PATHS = (
					"$(inherited)",
					"@executable_path/Frameworks",
				);
				MARKETING_VERSION = 1.0;
				PRODUCT_BUNDLE_IDENTIFIER = "hse.DACOS-IOS";
				PRODUCT_NAME = "$(TARGET_NAME)";
				SWIFT_EMIT_LOC_STRINGS = YES;
				SWIFT_VERSION = 5.0;
				TARGETED_DEVICE_FAMILY = "1,2";
				TVOS_DEPLOYMENT_TARGET = 12.0;
			};
			name = Debug;
		};
		F6C6AF15282013C500E26AAA /* Release */ = {
			isa = XCBuildConfiguration;
			baseConfigurationReference = 7495766512C4672B36A6FF92 /* Pods-DACOS_IOS.release.xcconfig */;
			buildSettings = {
				ASSETCATALOG_COMPILER_APPICON_NAME = AppIcon;
				ASSETCATALOG_COMPILER_GLOBAL_ACCENT_COLOR_NAME = AccentColor;
				CODE_SIGN_STYLE = Automatic;
				CURRENT_PROJECT_VERSION = 1;
				DEVELOPMENT_TEAM = MJT89725KT;
				GENERATE_INFOPLIST_FILE = YES;
				INFOPLIST_FILE = DACOS_IOS/Info.plist;
				INFOPLIST_KEY_UIApplicationSupportsIndirectInputEvents = YES;
				INFOPLIST_KEY_UILaunchStoryboardName = LaunchScreen;
				INFOPLIST_KEY_UIMainStoryboardFile = "";
				INFOPLIST_KEY_UISupportedInterfaceOrientations_iPad = "UIInterfaceOrientationPortrait UIInterfaceOrientationPortraitUpsideDown UIInterfaceOrientationLandscapeLeft UIInterfaceOrientationLandscapeRight";
				INFOPLIST_KEY_UISupportedInterfaceOrientations_iPhone = "UIInterfaceOrientationPortrait UIInterfaceOrientationLandscapeLeft UIInterfaceOrientationLandscapeRight";
				IPHONEOS_DEPLOYMENT_TARGET = 13.0;
				LD_RUNPATH_SEARCH_PATHS = (
					"$(inherited)",
					"@executable_path/Frameworks",
				);
				MARKETING_VERSION = 1.0;
				PRODUCT_BUNDLE_IDENTIFIER = "hse.DACOS-IOS";
				PRODUCT_NAME = "$(TARGET_NAME)";
				SWIFT_EMIT_LOC_STRINGS = YES;
				SWIFT_VERSION = 5.0;
				TARGETED_DEVICE_FAMILY = "1,2";
				TVOS_DEPLOYMENT_TARGET = 12.0;
			};
			name = Release;
		};
/* End XCBuildConfiguration section */

/* Begin XCConfigurationList section */
		F6C6AEF7282013C200E26AAA /* Build configuration list for PBXProject "DACOS_IOS" */ = {
			isa = XCConfigurationList;
			buildConfigurations = (
				F6C6AF11282013C500E26AAA /* Debug */,
				F6C6AF12282013C500E26AAA /* Release */,
			);
			defaultConfigurationIsVisible = 0;
			defaultConfigurationName = Release;
		};
		F6C6AF13282013C500E26AAA /* Build configuration list for PBXNativeTarget "DACOS_IOS" */ = {
			isa = XCConfigurationList;
			buildConfigurations = (
				F6C6AF14282013C500E26AAA /* Debug */,
				F6C6AF15282013C500E26AAA /* Release */,
			);
			defaultConfigurationIsVisible = 0;
			defaultConfigurationName = Release;
		};
/* End XCConfigurationList section */

/* Begin XCRemoteSwiftPackageReference section */
		F6DE578C28298948004584B8 /* XCRemoteSwiftPackageReference "MessageKit" */ = {
			isa = XCRemoteSwiftPackageReference;
			repositoryURL = "https://github.com/MessageKit/MessageKit";
			requirement = {
				kind = upToNextMajorVersion;
				minimumVersion = 3.0.0;
			};
		};
/* End XCRemoteSwiftPackageReference section */

/* Begin XCSwiftPackageProductDependency section */
		F6DE578D28298948004584B8 /* MessageKit */ = {
			isa = XCSwiftPackageProductDependency;
			package = F6DE578C28298948004584B8 /* XCRemoteSwiftPackageReference "MessageKit" */;
			productName = MessageKit;
		};
/* End XCSwiftPackageProductDependency section */

/* Begin XCVersionGroup section */
		F6C6AF08282013C200E26AAA /* DACOS_IOS.xcdatamodeld */ = {
			isa = XCVersionGroup;
			children = (
				F6C6AF09282013C200E26AAA /* DACOS_IOS.xcdatamodel */,
			);
			currentVersion = F6C6AF09282013C200E26AAA /* DACOS_IOS.xcdatamodel */;
			path = DACOS_IOS.xcdatamodeld;
			sourceTree = "<group>";
			versionGroupType = wrapper.xcdatamodel;
		};
/* End XCVersionGroup section */
	};
	rootObject = F6C6AEF4282013C200E26AAA /* Project object */;
}
